// !$*UTF8*$!
{
	archiveVersion = 1;
	classes = {
	};
	objectVersion = 46;
	objects = {

/* Begin PBXBuildFile section */
		24063BC71C90839C00E98537 /* Shop-is-Open.png in Resources */ = {isa = PBXBuildFile; fileRef = 24063BC61C90839C00E98537 /* Shop-is-Open.png */; };
		240D6FA61C50FA7000DF42A3 /* DeeployShop.png in Resources */ = {isa = PBXBuildFile; fileRef = 240D6FA51C50FA7000DF42A3 /* DeeployShop.png */; };
		2416804F1C7B3B11009AD7F3 /* SoftwareUpdate.swift in Sources */ = {isa = PBXBuildFile; fileRef = 2416804E1C7B3B11009AD7F3 /* SoftwareUpdate.swift */; };
		242414001C4E25A30075F9E9 /* ShopAppModel.swift in Sources */ = {isa = PBXBuildFile; fileRef = 242413FF1C4E25A30075F9E9 /* ShopAppModel.swift */; };
		24327DD61AC2A39D00E20592 /* AppDelegate.swift in Sources */ = {isa = PBXBuildFile; fileRef = 24327DD51AC2A39D00E20592 /* AppDelegate.swift */; };
		24327DDB1AC2A39D00E20592 /* MainMenu.xib in Resources */ = {isa = PBXBuildFile; fileRef = 24327DD91AC2A39D00E20592 /* MainMenu.xib */; };
		24327DE71AC2A39D00E20592 /* DeeployTests.swift in Sources */ = {isa = PBXBuildFile; fileRef = 24327DE61AC2A39D00E20592 /* DeeployTests.swift */; };
		2449EB0F1C47E1E100F20646 /* ViewController.swift in Sources */ = {isa = PBXBuildFile; fileRef = 2449EB0E1C47E1E100F20646 /* ViewController.swift */; };
		2449EB111C47E1F300F20646 /* ViewController.xib in Resources */ = {isa = PBXBuildFile; fileRef = 2449EB101C47E1F300F20646 /* ViewController.xib */; };
		2449EB171C47F2F300F20646 /* ShopViewController.xib in Resources */ = {isa = PBXBuildFile; fileRef = 2449EB161C47F2F300F20646 /* ShopViewController.xib */; };
		2449EB191C47F33B00F20646 /* ShopViewController.swift in Sources */ = {isa = PBXBuildFile; fileRef = 2449EB181C47F33B00F20646 /* ShopViewController.swift */; };
		244DDB871C4904B3003F297A /* AppsTableViewCell.swift in Sources */ = {isa = PBXBuildFile; fileRef = 244DDB861C4904B3003F297A /* AppsTableViewCell.swift */; };
		245DD7381ADFE0F8002323AD /* com.disney.Deeploy.plist in Resources */ = {isa = PBXBuildFile; fileRef = 245DD7371ADFE0F8002323AD /* com.disney.Deeploy.plist */; };
		2484D85F1C809ACF000C52AE /* softwareupdate.sh in Resources */ = {isa = PBXBuildFile; fileRef = 2484D85E1C809ACF000C52AE /* softwareupdate.sh */; };
		248F60D31AC2D31B00476F20 /* Media.xcassets in Resources */ = {isa = PBXBuildFile; fileRef = 248F60D21AC2D31B00476F20 /* Media.xcassets */; };
		248F60D51AC2D53D00476F20 /* Deeploy.png in Resources */ = {isa = PBXBuildFile; fileRef = 248F60D41AC2D53D00476F20 /* Deeploy.png */; };
		2499C1B11C5A6753006F17DB /* Button-Install.png in Resources */ = {isa = PBXBuildFile; fileRef = 2499C1B01C5A6753006F17DB /* Button-Install.png */; };
		249AD0741AC2C1AD00DB7EDE /* AppModel.swift in Sources */ = {isa = PBXBuildFile; fileRef = 249AD0731AC2C1AD00DB7EDE /* AppModel.swift */; };
		249AD0761AC2D18800DB7EDE /* ps.sh in Resources */ = {isa = PBXBuildFile; fileRef = 249AD0751AC2D18800DB7EDE /* ps.sh */; };
		24A330C91C56686600C48D90 /* GenericApplication.png in Resources */ = {isa = PBXBuildFile; fileRef = 24A330C81C56686600C48D90 /* GenericApplication.png */; };
		24CA08971C1ED22400955BD3 /* deeploybyuser.sh in Resources */ = {isa = PBXBuildFile; fileRef = 24CA08961C1ED22400955BD3 /* deeploybyuser.sh */; };
		24CAD6A21C58D9F400187BDC /* deeploy_logo.png in Resources */ = {isa = PBXBuildFile; fileRef = 24CAD6A11C58D9F400187BDC /* deeploy_logo.png */; };
		24CAD6A91C58DE2A00187BDC /* Shop-Closed.png in Resources */ = {isa = PBXBuildFile; fileRef = 24CAD6A71C58DE2A00187BDC /* Shop-Closed.png */; };
		24CAD6AA1C58DE2A00187BDC /* Shop-Open.png in Resources */ = {isa = PBXBuildFile; fileRef = 24CAD6A81C58DE2A00187BDC /* Shop-Open.png */; };
		24CAD6B41C5904E900187BDC /* Button-CheckUpdates.png in Resources */ = {isa = PBXBuildFile; fileRef = 24CAD6B11C5904E900187BDC /* Button-CheckUpdates.png */; };
		24CAD6B51C5904E900187BDC /* Button-InstallRestart.png in Resources */ = {isa = PBXBuildFile; fileRef = 24CAD6B21C5904E900187BDC /* Button-InstallRestart.png */; };
		24CAD6B61C5904E900187BDC /* Button-UpdateNow.png in Resources */ = {isa = PBXBuildFile; fileRef = 24CAD6B31C5904E900187BDC /* Button-UpdateNow.png */; };
		24CAD6B81C5907A600187BDC /* Button-Shop.png in Resources */ = {isa = PBXBuildFile; fileRef = 24CAD6B71C5907A600187BDC /* Button-Shop.png */; };
		24D0BE201C4CD08700184BAB /* AppsTableViewCell.xib in Resources */ = {isa = PBXBuildFile; fileRef = 24D0BE1F1C4CD08700184BAB /* AppsTableViewCell.xib */; };
/* End PBXBuildFile section */

/* Begin PBXContainerItemProxy section */
		24327DE11AC2A39D00E20592 /* PBXContainerItemProxy */ = {
			isa = PBXContainerItemProxy;
			containerPortal = 24327DC81AC2A39D00E20592 /* Project object */;
			proxyType = 1;
			remoteGlobalIDString = 24327DCF1AC2A39D00E20592;
			remoteInfo = Deeploy;
		};
/* End PBXContainerItemProxy section */

/* Begin PBXFileReference section */
		24063BC61C90839C00E98537 /* Shop-is-Open.png */ = {isa = PBXFileReference; lastKnownFileType = image.png; path = "Shop-is-Open.png"; sourceTree = "<group>"; };
		240D6FA51C50FA7000DF42A3 /* DeeployShop.png */ = {isa = PBXFileReference; lastKnownFileType = image.png; path = DeeployShop.png; sourceTree = "<group>"; };
		2416804E1C7B3B11009AD7F3 /* SoftwareUpdate.swift */ = {isa = PBXFileReference; fileEncoding = 4; lastKnownFileType = sourcecode.swift; path = SoftwareUpdate.swift; sourceTree = "<group>"; };
		242413FF1C4E25A30075F9E9 /* ShopAppModel.swift */ = {isa = PBXFileReference; fileEncoding = 4; lastKnownFileType = sourcecode.swift; path = ShopAppModel.swift; sourceTree = "<group>"; };
		24327DD01AC2A39D00E20592 /* Deeploy.app */ = {isa = PBXFileReference; explicitFileType = wrapper.application; includeInIndex = 0; path = Deeploy.app; sourceTree = BUILT_PRODUCTS_DIR; };
		24327DD41AC2A39D00E20592 /* Info.plist */ = {isa = PBXFileReference; lastKnownFileType = text.plist.xml; path = Info.plist; sourceTree = "<group>"; };
		24327DD51AC2A39D00E20592 /* AppDelegate.swift */ = {isa = PBXFileReference; lastKnownFileType = sourcecode.swift; path = AppDelegate.swift; sourceTree = "<group>"; };
		24327DDA1AC2A39D00E20592 /* Base */ = {isa = PBXFileReference; lastKnownFileType = file.xib; name = Base; path = Base.lproj/MainMenu.xib; sourceTree = "<group>"; };
		24327DE01AC2A39D00E20592 /* DeeployTests.xctest */ = {isa = PBXFileReference; explicitFileType = wrapper.cfbundle; includeInIndex = 0; path = DeeployTests.xctest; sourceTree = BUILT_PRODUCTS_DIR; };
		24327DE51AC2A39D00E20592 /* Info.plist */ = {isa = PBXFileReference; lastKnownFileType = text.plist.xml; path = Info.plist; sourceTree = "<group>"; };
		24327DE61AC2A39D00E20592 /* DeeployTests.swift */ = {isa = PBXFileReference; lastKnownFileType = sourcecode.swift; path = DeeployTests.swift; sourceTree = "<group>"; };
		2449EB0E1C47E1E100F20646 /* ViewController.swift */ = {isa = PBXFileReference; fileEncoding = 4; lastKnownFileType = sourcecode.swift; path = ViewController.swift; sourceTree = "<group>"; };
		2449EB101C47E1F300F20646 /* ViewController.xib */ = {isa = PBXFileReference; fileEncoding = 4; lastKnownFileType = file.xib; path = ViewController.xib; sourceTree = "<group>"; };
		2449EB161C47F2F300F20646 /* ShopViewController.xib */ = {isa = PBXFileReference; fileEncoding = 4; lastKnownFileType = file.xib; path = ShopViewController.xib; sourceTree = "<group>"; };
		2449EB181C47F33B00F20646 /* ShopViewController.swift */ = {isa = PBXFileReference; fileEncoding = 4; lastKnownFileType = sourcecode.swift; path = ShopViewController.swift; sourceTree = "<group>"; };
		244DDB861C4904B3003F297A /* AppsTableViewCell.swift */ = {isa = PBXFileReference; fileEncoding = 4; lastKnownFileType = sourcecode.swift; path = AppsTableViewCell.swift; sourceTree = "<group>"; };
		245DD7371ADFE0F8002323AD /* com.disney.Deeploy.plist */ = {isa = PBXFileReference; fileEncoding = 4; lastKnownFileType = text.plist.xml; path = com.disney.Deeploy.plist; sourceTree = "<group>"; };
		2484D85E1C809ACF000C52AE /* softwareupdate.sh */ = {isa = PBXFileReference; fileEncoding = 4; lastKnownFileType = text.script.sh; path = softwareupdate.sh; sourceTree = "<group>"; };
		248F60D21AC2D31B00476F20 /* Media.xcassets */ = {isa = PBXFileReference; lastKnownFileType = folder.assetcatalog; name = Media.xcassets; path = ../Media.xcassets; sourceTree = "<group>"; };
		248F60D41AC2D53D00476F20 /* Deeploy.png */ = {isa = PBXFileReference; lastKnownFileType = image.png; path = Deeploy.png; sourceTree = "<group>"; };
		248F60D61AC3114900476F20 /* AppKit.framework */ = {isa = PBXFileReference; lastKnownFileType = wrapper.framework; name = AppKit.framework; path = System/Library/Frameworks/AppKit.framework; sourceTree = SDKROOT; };
		248F60D81AC3115000476F20 /* Cocoa.framework */ = {isa = PBXFileReference; lastKnownFileType = wrapper.framework; name = Cocoa.framework; path = System/Library/Frameworks/Cocoa.framework; sourceTree = SDKROOT; };
		248F60DA1AC3115B00476F20 /* Foundation.framework */ = {isa = PBXFileReference; lastKnownFileType = wrapper.framework; name = Foundation.framework; path = System/Library/Frameworks/Foundation.framework; sourceTree = SDKROOT; };
		2499C1B01C5A6753006F17DB /* Button-Install.png */ = {isa = PBXFileReference; lastKnownFileType = image.png; path = "Button-Install.png"; sourceTree = "<group>"; };
		249AD0731AC2C1AD00DB7EDE /* AppModel.swift */ = {isa = PBXFileReference; fileEncoding = 4; lastKnownFileType = sourcecode.swift; path = AppModel.swift; sourceTree = "<group>"; };
		249AD0751AC2D18800DB7EDE /* ps.sh */ = {isa = PBXFileReference; fileEncoding = 4; lastKnownFileType = text.script.sh; path = ps.sh; sourceTree = "<group>"; };
		24A330C81C56686600C48D90 /* GenericApplication.png */ = {isa = PBXFileReference; lastKnownFileType = image.png; path = GenericApplication.png; sourceTree = "<group>"; };
		24BB89421ACD440C0065C65C /* ServiceManagement.framework */ = {isa = PBXFileReference; lastKnownFileType = wrapper.framework; name = ServiceManagement.framework; path = System/Library/Frameworks/ServiceManagement.framework; sourceTree = SDKROOT; };
		24CA08961C1ED22400955BD3 /* deeploybyuser.sh */ = {isa = PBXFileReference; fileEncoding = 4; lastKnownFileType = text.script.sh; path = deeploybyuser.sh; sourceTree = "<group>"; };
		24CAD6A11C58D9F400187BDC /* deeploy_logo.png */ = {isa = PBXFileReference; lastKnownFileType = image.png; path = deeploy_logo.png; sourceTree = "<group>"; };
		24CAD6A71C58DE2A00187BDC /* Shop-Closed.png */ = {isa = PBXFileReference; lastKnownFileType = image.png; path = "Shop-Closed.png"; sourceTree = "<group>"; };
		24CAD6A81C58DE2A00187BDC /* Shop-Open.png */ = {isa = PBXFileReference; lastKnownFileType = image.png; path = "Shop-Open.png"; sourceTree = "<group>"; };
		24CAD6B11C5904E900187BDC /* Button-CheckUpdates.png */ = {isa = PBXFileReference; lastKnownFileType = image.png; path = "Button-CheckUpdates.png"; sourceTree = "<group>"; };
		24CAD6B21C5904E900187BDC /* Button-InstallRestart.png */ = {isa = PBXFileReference; lastKnownFileType = image.png; path = "Button-InstallRestart.png"; sourceTree = "<group>"; };
		24CAD6B31C5904E900187BDC /* Button-UpdateNow.png */ = {isa = PBXFileReference; lastKnownFileType = image.png; path = "Button-UpdateNow.png"; sourceTree = "<group>"; };
		24CAD6B71C5907A600187BDC /* Button-Shop.png */ = {isa = PBXFileReference; lastKnownFileType = image.png; path = "Button-Shop.png"; sourceTree = "<group>"; };
		24D0BE1F1C4CD08700184BAB /* AppsTableViewCell.xib */ = {isa = PBXFileReference; fileEncoding = 4; lastKnownFileType = file.xib; path = AppsTableViewCell.xib; sourceTree = "<group>"; };
/* End PBXFileReference section */

/* Begin PBXFrameworksBuildPhase section */
		24327DCD1AC2A39D00E20592 /* Frameworks */ = {
			isa = PBXFrameworksBuildPhase;
			buildActionMask = 2147483647;
			files = (
			);
			runOnlyForDeploymentPostprocessing = 0;
		};
		24327DDD1AC2A39D00E20592 /* Frameworks */ = {
			isa = PBXFrameworksBuildPhase;
			buildActionMask = 2147483647;
			files = (
			);
			runOnlyForDeploymentPostprocessing = 0;
		};
/* End PBXFrameworksBuildPhase section */

/* Begin PBXGroup section */
		24327DC71AC2A39D00E20592 = {
			isa = PBXGroup;
			children = (
				24BB89421ACD440C0065C65C /* ServiceManagement.framework */,
				248F60DA1AC3115B00476F20 /* Foundation.framework */,
				248F60D81AC3115000476F20 /* Cocoa.framework */,
				248F60D61AC3114900476F20 /* AppKit.framework */,
				24327DD21AC2A39D00E20592 /* Deeploy */,
				24327DE31AC2A39D00E20592 /* DeeployTests */,
				24327DD11AC2A39D00E20592 /* Products */,
			);
			sourceTree = "<group>";
		};
		24327DD11AC2A39D00E20592 /* Products */ = {
			isa = PBXGroup;
			children = (
				24327DD01AC2A39D00E20592 /* Deeploy.app */,
				24327DE01AC2A39D00E20592 /* DeeployTests.xctest */,
			);
			name = Products;
			sourceTree = "<group>";
		};
		24327DD21AC2A39D00E20592 /* Deeploy */ = {
			isa = PBXGroup;
			children = (
				24327DD41AC2A39D00E20592 /* Info.plist */,
				24D0BE1F1C4CD08700184BAB /* AppsTableViewCell.xib */,
				244DDB861C4904B3003F297A /* AppsTableViewCell.swift */,
				2449EB161C47F2F300F20646 /* ShopViewController.xib */,
				2449EB181C47F33B00F20646 /* ShopViewController.swift */,
				2449EB101C47E1F300F20646 /* ViewController.xib */,
				2449EB0E1C47E1E100F20646 /* ViewController.swift */,
				2416804E1C7B3B11009AD7F3 /* SoftwareUpdate.swift */,
				24327DD91AC2A39D00E20592 /* MainMenu.xib */,
				24327DD51AC2A39D00E20592 /* AppDelegate.swift */,
				249AD0731AC2C1AD00DB7EDE /* AppModel.swift */,
				242413FF1C4E25A30075F9E9 /* ShopAppModel.swift */,
				248F60D21AC2D31B00476F20 /* Media.xcassets */,
				245DD7371ADFE0F8002323AD /* com.disney.Deeploy.plist */,
				24327DD31AC2A39D00E20592 /* Supporting Files */,
			);
			path = Deeploy;
			sourceTree = "<group>";
		};
		24327DD31AC2A39D00E20592 /* Supporting Files */ = {
			isa = PBXGroup;
			children = (
				24063BC61C90839C00E98537 /* Shop-is-Open.png */,
				2499C1B01C5A6753006F17DB /* Button-Install.png */,
				24CAD6B71C5907A600187BDC /* Button-Shop.png */,
				24CAD6B11C5904E900187BDC /* Button-CheckUpdates.png */,
				24CAD6B21C5904E900187BDC /* Button-InstallRestart.png */,
				24CAD6B31C5904E900187BDC /* Button-UpdateNow.png */,
				24CAD6A71C58DE2A00187BDC /* Shop-Closed.png */,
				24CAD6A81C58DE2A00187BDC /* Shop-Open.png */,
				24CAD6A11C58D9F400187BDC /* deeploy_logo.png */,
				24A330C81C56686600C48D90 /* GenericApplication.png */,
				240D6FA51C50FA7000DF42A3 /* DeeployShop.png */,
				248F60D41AC2D53D00476F20 /* Deeploy.png */,
				2484D85E1C809ACF000C52AE /* softwareupdate.sh */,
				24CA08961C1ED22400955BD3 /* deeploybyuser.sh */,
				249AD0751AC2D18800DB7EDE /* ps.sh */,
			);
			name = "Supporting Files";
			sourceTree = "<group>";
		};
		24327DE31AC2A39D00E20592 /* DeeployTests */ = {
			isa = PBXGroup;
			children = (
				24327DE61AC2A39D00E20592 /* DeeployTests.swift */,
				24327DE41AC2A39D00E20592 /* Supporting Files */,
			);
			path = DeeployTests;
			sourceTree = "<group>";
		};
		24327DE41AC2A39D00E20592 /* Supporting Files */ = {
			isa = PBXGroup;
			children = (
				24327DE51AC2A39D00E20592 /* Info.plist */,
			);
			name = "Supporting Files";
			sourceTree = "<group>";
		};
/* End PBXGroup section */

/* Begin PBXNativeTarget section */
		24327DCF1AC2A39D00E20592 /* Deeploy */ = {
			isa = PBXNativeTarget;
			buildConfigurationList = 24327DEA1AC2A39E00E20592 /* Build configuration list for PBXNativeTarget "Deeploy" */;
			buildPhases = (
				24327DCC1AC2A39D00E20592 /* Sources */,
				24327DCD1AC2A39D00E20592 /* Frameworks */,
				24327DCE1AC2A39D00E20592 /* Resources */,
			);
			buildRules = (
			);
			dependencies = (
			);
			name = Deeploy;
			productName = Deeploy;
			productReference = 24327DD01AC2A39D00E20592 /* Deeploy.app */;
			productType = "com.apple.product-type.application";
		};
		24327DDF1AC2A39D00E20592 /* DeeployTests */ = {
			isa = PBXNativeTarget;
			buildConfigurationList = 24327DED1AC2A39E00E20592 /* Build configuration list for PBXNativeTarget "DeeployTests" */;
			buildPhases = (
				24327DDC1AC2A39D00E20592 /* Sources */,
				24327DDD1AC2A39D00E20592 /* Frameworks */,
				24327DDE1AC2A39D00E20592 /* Resources */,
			);
			buildRules = (
			);
			dependencies = (
				24327DE21AC2A39D00E20592 /* PBXTargetDependency */,
			);
			name = DeeployTests;
			productName = DeeployTests;
			productReference = 24327DE01AC2A39D00E20592 /* DeeployTests.xctest */;
			productType = "com.apple.product-type.bundle.unit-test";
		};
/* End PBXNativeTarget section */

/* Begin PBXProject section */
		24327DC81AC2A39D00E20592 /* Project object */ = {
			isa = PBXProject;
			attributes = {
				LastSwiftUpdateCheck = 0700;
				LastUpgradeCheck = 0710;
				ORGANIZATIONNAME = "Dino Libertino";
				TargetAttributes = {
					24327DCF1AC2A39D00E20592 = {
						CreatedOnToolsVersion = 6.2;
						DevelopmentTeam = SB99CSLAH5;
					};
					24327DDF1AC2A39D00E20592 = {
						CreatedOnToolsVersion = 6.2;
						TestTargetID = 24327DCF1AC2A39D00E20592;
					};
				};
			};
			buildConfigurationList = 24327DCB1AC2A39D00E20592 /* Build configuration list for PBXProject "Deeploy" */;
			compatibilityVersion = "Xcode 3.2";
			developmentRegion = English;
			hasScannedForEncodings = 0;
			knownRegions = (
				en,
				Base,
			);
			mainGroup = 24327DC71AC2A39D00E20592;
			productRefGroup = 24327DD11AC2A39D00E20592 /* Products */;
			projectDirPath = "";
			projectRoot = "";
			targets = (
				24327DCF1AC2A39D00E20592 /* Deeploy */,
				24327DDF1AC2A39D00E20592 /* DeeployTests */,
			);
		};
/* End PBXProject section */

/* Begin PBXResourcesBuildPhase section */
		24327DCE1AC2A39D00E20592 /* Resources */ = {
			isa = PBXResourcesBuildPhase;
			buildActionMask = 2147483647;
			files = (
				2449EB171C47F2F300F20646 /* ShopViewController.xib in Resources */,
				24CAD6B51C5904E900187BDC /* Button-InstallRestart.png in Resources */,
				24A330C91C56686600C48D90 /* GenericApplication.png in Resources */,
				24CAD6A91C58DE2A00187BDC /* Shop-Closed.png in Resources */,
				2499C1B11C5A6753006F17DB /* Button-Install.png in Resources */,
				245DD7381ADFE0F8002323AD /* com.disney.Deeploy.plist in Resources */,
				248F60D31AC2D31B00476F20 /* Media.xcassets in Resources */,
				24CAD6AA1C58DE2A00187BDC /* Shop-Open.png in Resources */,
				2484D85F1C809ACF000C52AE /* softwareupdate.sh in Resources */,
				24CAD6B41C5904E900187BDC /* Button-CheckUpdates.png in Resources */,
				2449EB111C47E1F300F20646 /* ViewController.xib in Resources */,
				248F60D51AC2D53D00476F20 /* Deeploy.png in Resources */,
				249AD0761AC2D18800DB7EDE /* ps.sh in Resources */,
				24CA08971C1ED22400955BD3 /* deeploybyuser.sh in Resources */,
				24CAD6A21C58D9F400187BDC /* deeploy_logo.png in Resources */,
				24063BC71C90839C00E98537 /* Shop-is-Open.png in Resources */,
				24D0BE201C4CD08700184BAB /* AppsTableViewCell.xib in Resources */,
				240D6FA61C50FA7000DF42A3 /* DeeployShop.png in Resources */,
				24327DDB1AC2A39D00E20592 /* MainMenu.xib in Resources */,
				24CAD6B61C5904E900187BDC /* Button-UpdateNow.png in Resources */,
				24CAD6B81C5907A600187BDC /* Button-Shop.png in Resources */,
			);
			runOnlyForDeploymentPostprocessing = 0;
		};
		24327DDE1AC2A39D00E20592 /* Resources */ = {
			isa = PBXResourcesBuildPhase;
			buildActionMask = 2147483647;
			files = (
			);
			runOnlyForDeploymentPostprocessing = 0;
		};
/* End PBXResourcesBuildPhase section */

/* Begin PBXSourcesBuildPhase section */
		24327DCC1AC2A39D00E20592 /* Sources */ = {
			isa = PBXSourcesBuildPhase;
			buildActionMask = 2147483647;
			files = (
				2449EB191C47F33B00F20646 /* ShopViewController.swift in Sources */,
				242414001C4E25A30075F9E9 /* ShopAppModel.swift in Sources */,
				249AD0741AC2C1AD00DB7EDE /* AppModel.swift in Sources */,
				2449EB0F1C47E1E100F20646 /* ViewController.swift in Sources */,
				2416804F1C7B3B11009AD7F3 /* SoftwareUpdate.swift in Sources */,
				24327DD61AC2A39D00E20592 /* AppDelegate.swift in Sources */,
				244DDB871C4904B3003F297A /* AppsTableViewCell.swift in Sources */,
			);
			runOnlyForDeploymentPostprocessing = 0;
		};
		24327DDC1AC2A39D00E20592 /* Sources */ = {
			isa = PBXSourcesBuildPhase;
			buildActionMask = 2147483647;
			files = (
				24327DE71AC2A39D00E20592 /* DeeployTests.swift in Sources */,
			);
			runOnlyForDeploymentPostprocessing = 0;
		};
/* End PBXSourcesBuildPhase section */

/* Begin PBXTargetDependency section */
		24327DE21AC2A39D00E20592 /* PBXTargetDependency */ = {
			isa = PBXTargetDependency;
			target = 24327DCF1AC2A39D00E20592 /* Deeploy */;
			targetProxy = 24327DE11AC2A39D00E20592 /* PBXContainerItemProxy */;
		};
/* End PBXTargetDependency section */

/* Begin PBXVariantGroup section */
		24327DD91AC2A39D00E20592 /* MainMenu.xib */ = {
			isa = PBXVariantGroup;
			children = (
				24327DDA1AC2A39D00E20592 /* Base */,
			);
			name = MainMenu.xib;
			sourceTree = "<group>";
		};
/* End PBXVariantGroup section */

/* Begin XCBuildConfiguration section */
		24327DE81AC2A39D00E20592 /* Debug */ = {
			isa = XCBuildConfiguration;
			buildSettings = {
				ALWAYS_SEARCH_USER_PATHS = NO;
				CLANG_CXX_LANGUAGE_STANDARD = "gnu++0x";
				CLANG_CXX_LIBRARY = "libc++";
				CLANG_ENABLE_MODULES = YES;
				CLANG_ENABLE_OBJC_ARC = YES;
				CLANG_WARN_BOOL_CONVERSION = YES;
				CLANG_WARN_CONSTANT_CONVERSION = YES;
				CLANG_WARN_DIRECT_OBJC_ISA_USAGE = YES_ERROR;
				CLANG_WARN_EMPTY_BODY = YES;
				CLANG_WARN_ENUM_CONVERSION = YES;
				CLANG_WARN_INT_CONVERSION = YES;
				CLANG_WARN_OBJC_ROOT_CLASS = YES_ERROR;
				CLANG_WARN_UNREACHABLE_CODE = YES;
				CLANG_WARN__DUPLICATE_METHOD_MATCH = YES;
				CODE_SIGN_IDENTITY = "-";
				COPY_PHASE_STRIP = NO;
				ENABLE_STRICT_OBJC_MSGSEND = YES;
				ENABLE_TESTABILITY = YES;
				GCC_C_LANGUAGE_STANDARD = gnu99;
				GCC_DYNAMIC_NO_PIC = NO;
				GCC_OPTIMIZATION_LEVEL = 0;
				GCC_PREPROCESSOR_DEFINITIONS = (
					"DEBUG=1",
					"$(inherited)",
				);
				GCC_SYMBOLS_PRIVATE_EXTERN = NO;
				GCC_WARN_64_TO_32_BIT_CONVERSION = YES;
				GCC_WARN_ABOUT_RETURN_TYPE = YES_ERROR;
				GCC_WARN_UNDECLARED_SELECTOR = YES;
				GCC_WARN_UNINITIALIZED_AUTOS = YES_AGGRESSIVE;
				GCC_WARN_UNUSED_FUNCTION = YES;
				GCC_WARN_UNUSED_VARIABLE = YES;
				MACOSX_DEPLOYMENT_TARGET = 10.10;
				MTL_ENABLE_DEBUG_INFO = YES;
				ONLY_ACTIVE_ARCH = YES;
				SDKROOT = macosx;
				SWIFT_OPTIMIZATION_LEVEL = "-Onone";
			};
			name = Debug;
		};
		24327DE91AC2A39D00E20592 /* Release */ = {
			isa = XCBuildConfiguration;
			buildSettings = {
				ALWAYS_SEARCH_USER_PATHS = NO;
				CLANG_CXX_LANGUAGE_STANDARD = "gnu++0x";
				CLANG_CXX_LIBRARY = "libc++";
				CLANG_ENABLE_MODULES = YES;
				CLANG_ENABLE_OBJC_ARC = YES;
				CLANG_WARN_BOOL_CONVERSION = YES;
				CLANG_WARN_CONSTANT_CONVERSION = YES;
				CLANG_WARN_DIRECT_OBJC_ISA_USAGE = YES_ERROR;
				CLANG_WARN_EMPTY_BODY = YES;
				CLANG_WARN_ENUM_CONVERSION = YES;
				CLANG_WARN_INT_CONVERSION = YES;
				CLANG_WARN_OBJC_ROOT_CLASS = YES_ERROR;
				CLANG_WARN_UNREACHABLE_CODE = YES;
				CLANG_WARN__DUPLICATE_METHOD_MATCH = YES;
				CODE_SIGN_IDENTITY = "-";
				COPY_PHASE_STRIP = NO;
				DEBUG_INFORMATION_FORMAT = "dwarf-with-dsym";
				ENABLE_NS_ASSERTIONS = NO;
				ENABLE_STRICT_OBJC_MSGSEND = YES;
				GCC_C_LANGUAGE_STANDARD = gnu99;
				GCC_WARN_64_TO_32_BIT_CONVERSION = YES;
				GCC_WARN_ABOUT_RETURN_TYPE = YES_ERROR;
				GCC_WARN_UNDECLARED_SELECTOR = YES;
				GCC_WARN_UNINITIALIZED_AUTOS = YES_AGGRESSIVE;
				GCC_WARN_UNUSED_FUNCTION = YES;
				GCC_WARN_UNUSED_VARIABLE = YES;
				MACOSX_DEPLOYMENT_TARGET = 10.10;
				MTL_ENABLE_DEBUG_INFO = NO;
				SDKROOT = macosx;
			};
			name = Release;
		};
		24327DEB1AC2A39E00E20592 /* Debug */ = {
			isa = XCBuildConfiguration;
			buildSettings = {
				ASSETCATALOG_COMPILER_APPICON_NAME = AppIcon;
				CODE_SIGN_IDENTITY = "Developer ID Application";
				COMBINE_HIDPI_IMAGES = YES;
				INFOPLIST_FILE = Deeploy/Info.plist;
				LD_RUNPATH_SEARCH_PATHS = "$(inherited) @executable_path/../Frameworks";
				MACOSX_DEPLOYMENT_TARGET = 10.10;
				PRODUCT_BUNDLE_IDENTIFIER = "com.disney.idsm.$(PRODUCT_NAME:rfc1034identifier)";
				PRODUCT_NAME = "$(TARGET_NAME)";
				SDKROOT = macosx;
			};
			name = Debug;
		};
		24327DEC1AC2A39E00E20592 /* Release */ = {
			isa = XCBuildConfiguration;
			buildSettings = {
				ASSETCATALOG_COMPILER_APPICON_NAME = AppIcon;
				CODE_SIGN_IDENTITY = "Developer ID Application";
				COMBINE_HIDPI_IMAGES = YES;
				INFOPLIST_FILE = Deeploy/Info.plist;
				LD_RUNPATH_SEARCH_PATHS = "$(inherited) @executable_path/../Frameworks";
				MACOSX_DEPLOYMENT_TARGET = 10.10;
				PRODUCT_BUNDLE_IDENTIFIER = "com.disney.idsm.$(PRODUCT_NAME:rfc1034identifier)";
				PRODUCT_NAME = "$(TARGET_NAME)";
				SDKROOT = macosx;
			};
			name = Release;
		};
		24327DEE1AC2A39E00E20592 /* Debug */ = {
			isa = XCBuildConfiguration;
			buildSettings = {
				BUNDLE_LOADER = "$(TEST_HOST)";
				COMBINE_HIDPI_IMAGES = YES;
				FRAMEWORK_SEARCH_PATHS = (
					"$(DEVELOPER_FRAMEWORKS_DIR)",
					"$(inherited)",
				);
				GCC_PREPROCESSOR_DEFINITIONS = (
					"DEBUG=1",
					"$(inherited)",
				);
				INFOPLIST_FILE = DeeployTests/Info.plist;
				LD_RUNPATH_SEARCH_PATHS = "$(inherited) @executable_path/../Frameworks @loader_path/../Frameworks";
				PRODUCT_BUNDLE_IDENTIFIER = "com.disney.idsm.$(PRODUCT_NAME:rfc1034identifier)";
				PRODUCT_NAME = "$(TARGET_NAME)";
				TEST_HOST = "$(BUILT_PRODUCTS_DIR)/Deeploy.app/Contents/MacOS/Deeploy";
			};
			name = Debug;
		};
		24327DEF1AC2A39E00E20592 /* Release */ = {
			isa = XCBuildConfiguration;
			buildSettings = {
				BUNDLE_LOADER = "$(TEST_HOST)";
				COMBINE_HIDPI_IMAGES = YES;
				FRAMEWORK_SEARCH_PATHS = (
					"$(DEVELOPER_FRAMEWORKS_DIR)",
					"$(inherited)",
				);
				INFOPLIST_FILE = DeeployTests/Info.plist;
				LD_RUNPATH_SEARCH_PATHS = "$(inherited) @executable_path/../Frameworks @loader_path/../Frameworks";
				PRODUCT_BUNDLE_IDENTIFIER = "com.disney.idsm.$(PRODUCT_NAME:rfc1034identifier)";
				PRODUCT_NAME = "$(TARGET_NAME)";
				TEST_HOST = "$(BUILT_PRODUCTS_DIR)/Deeploy.app/Contents/MacOS/Deeploy";
			};
			name = Release;
		};
/* End XCBuildConfiguration section */

/* Begin XCConfigurationList section */
		24327DCB1AC2A39D00E20592 /* Build configuration list for PBXProject "Deeploy" */ = {
			isa = XCConfigurationList;
			buildConfigurations = (
				24327DE81AC2A39D00E20592 /* Debug */,
				24327DE91AC2A39D00E20592 /* Release */,
			);
			defaultConfigurationIsVisible = 0;
			defaultConfigurationName = Release;
		};
		24327DEA1AC2A39E00E20592 /* Build configuration list for PBXNativeTarget "Deeploy" */ = {
			isa = XCConfigurationList;
			buildConfigurations = (
				24327DEB1AC2A39E00E20592 /* Debug */,
				24327DEC1AC2A39E00E20592 /* Release */,
			);
			defaultConfigurationIsVisible = 0;
			defaultConfigurationName = Release;
		};
		24327DED1AC2A39E00E20592 /* Build configuration list for PBXNativeTarget "DeeployTests" */ = {
			isa = XCConfigurationList;
			buildConfigurations = (
				24327DEE1AC2A39E00E20592 /* Debug */,
				24327DEF1AC2A39E00E20592 /* Release */,
			);
			defaultConfigurationIsVisible = 0;
			defaultConfigurationName = Release;
		};
/* End XCConfigurationList section */
	};
	rootObject = 24327DC81AC2A39D00E20592 /* Project object */;
}
